
Microsoft Visual Studio Solution File, Format Version 12.00
# Visual Studio Version 17
VisualStudioVersion = 17.5.002.0
MinimumVisualStudioVersion = 10.0.40219.1
Project("{9A19103F-16F7-4668-BE54-9A1E7A4F7556}") = "CourseProjectCSharp", "CourseProjectCSharp\CourseProjectCSharp.csproj", "{D5B9CD70-43A9-49C4-9B13-08DCA8FFB6E2}"
EndProject
Project("{9A19103F-16F7-4668-BE54-9A1E7A4F7555}") = "CourseProjectTests", "CourseProjectTests\CourseProjectTests.csproj", "{ACA0E18E-89CA-4F98-8036-B7E641C3FCE5}"
EndProject
Global
	GlobalSection(SolutionConfigurationPlatforms) = preSolution
		Debug|Any CPU = Debug|Any CPU
		Release|Any CPU = Release|Any CPU
	EndGlobalSection
	GlobalSection(ProjectConfigurationPlatforms) = postSolution
		{D5B9CD70-43A9-49C4-9B13-08DCA8FFB6E2}.Debug|Any CPU.ActiveCfg = Debug|Any CPU
		{D5B9CD70-43A9-49C4-9B13-08DCA8FFB6E2}.Debug|Any CPU.Build.0 = Debug|Any CPU
		{D5B9CD70-43A9-49C4-9B13-08DCA8FFB6E2}.Release|Any CPU.ActiveCfg = Release|Any CPU
		{D5B9CD70-43A9-49C4-9B13-08DCA8FFB6E2}.Release|Any CPU.Build.0 = Release|Any CPU
	EndGlobalSection
	GlobalSection(SolutionProperties) = preSolution
		HideSolutionNode = FALSE
	EndGlobalSection
	GlobalSection(ExtensibilityGlobals) = postSolution
		SolutionGuid = {A4BB6DDD-49E1-48C3-BC5D-57DB7D5045AC}
	EndGlobalSection
EndGlobal
